
Microsoft Visual Studio Solution File, Format Version 12.00
# Visual Studio Version 16
VisualStudioVersion = 16.0.29905.134
MinimumVisualStudioVersion = 10.0.40219.1
Project("{9A19103F-16F7-4668-BE54-9A1E7A4F7556}") = "LimerickStreetArt", "LimerickStreetArt\LimerickStreetArt.csproj", "{CA0FB6C0-C210-4348-9D43-89FDE4DAEB80}"
EndProject
Project("{9A19103F-16F7-4668-BE54-9A1E7A4F7556}") = "LimerickStreetArt.MySQL", "LimerickStreetArt.MySQL\LimerickStreetArt.MySQL.csproj", "{C5AA00FF-D608-4093-8329-B8F392CA2CBC}"
EndProject
Project("{9A19103F-16F7-4668-BE54-9A1E7A4F7556}") = "LimerickStreetArt.MySQL.UnitTests", "LimerickStreetArt.MySQL.UnitTests\LimerickStreetArt.MySQL.UnitTests.csproj", "{74B42C7C-08DD-4421-A342-D865C890A186}"
EndProject
Project("{9A19103F-16F7-4668-BE54-9A1E7A4F7556}") = "LimerickStreetArt.SQLite", "LimerickStreetArt.SQLite\LimerickStreetArt.SQLite.csproj", "{9992C195-85CF-432A-9D61-096ECB8A68C4}"
EndProject
Project("{9A19103F-16F7-4668-BE54-9A1E7A4F7556}") = "assests.documentation", "assests.documentation\assests.documentation.csproj", "{3F7974C0-9FC7-4001-A997-FDCDEDBD261E}"
EndProject
Project("{9A19103F-16F7-4668-BE54-9A1E7A4F7556}") = "LimerickStreetArt.Web", "LimerickStreetArt.Web\LimerickStreetArt.Web.csproj", "{C81DA2E2-3647-453F-A667-5CF3615D10E7}"
EndProject
Project("{2150E333-8FDC-42A3-9474-1A3956D46DE8}") = "Tests", "Tests", "{5A7C84AC-44C4-4DC0-B9CA-5B6C239918FA}"
EndProject
Project("{FAE04EC0-301F-11D3-BF4B-00C04F79EFBC}") = "LimerickStreetArt.AndroidApp", "LimerickArtMap\LimerickArtMap.Android\LimerickStreetArt.AndroidApp.csproj", "{D3D28BD9-9F98-494E-A5D4-53801D413055}"
	ProjectSection(ProjectDependencies) = postProject
		{F5398C35-3BD8-4CE6-AA5C-93F084F0EAE3} = {F5398C35-3BD8-4CE6-AA5C-93F084F0EAE3}
	EndProjectSection
EndProject
Project("{FAE04EC0-301F-11D3-BF4B-00C04F79EFBC}") = "LimerickStreetArt.iOSApp", "LimerickArtMap\LimerickArtMap.iOS\LimerickStreetArt.iOSApp.csproj", "{8763AC3D-0372-446D-A9EB-10336534A067}"
EndProject
Project("{9A19103F-16F7-4668-BE54-9A1E7A4F7556}") = "LimerickStreetArt.MobileForms", "LimerickArtMap\LimerickArtMap\LimerickStreetArt.MobileForms.csproj", "{F5398C35-3BD8-4CE6-AA5C-93F084F0EAE3}"
EndProject
Project("{2150E333-8FDC-42A3-9474-1A3956D46DE8}") = "Database", "Database", "{9DF80610-4A02-4E3D-B79D-CF6489410CEF}"
EndProject
Project("{2150E333-8FDC-42A3-9474-1A3956D46DE8}") = "MobileApp", "MobileApp", "{6638430F-5F0D-43A1-9238-2A3E11CECC8A}"
EndProject
Project("{2150E333-8FDC-42A3-9474-1A3956D46DE8}") = "Solution Items", "Solution Items", "{A5CBEB88-E1C4-4EDB-9B7D-2387C84B64F1}"
	ProjectSection(SolutionItems) = preProject
		.editorconfig = .editorconfig
	EndProjectSection
EndProject
Project("{FAE04EC0-301F-11D3-BF4B-00C04F79EFBC}") = "LimerickStreetArtApp.Android", "LimerickStreetArtApp\LimerickStreetArtApp.Android\LimerickStreetArtApp.Android.csproj", "{C7248520-13E7-4E48-9F30-D0221A0BA321}"
EndProject
Project("{9A19103F-16F7-4668-BE54-9A1E7A4F7556}") = "LimerickStreetArtApp", "LimerickStreetArtApp\LimerickStreetArtApp\LimerickStreetArtApp.csproj", "{6D75DC0F-9226-4635-A1C8-192570D9421D}"
EndProject
Global
	GlobalSection(SolutionConfigurationPlatforms) = preSolution
		Debug|Any CPU = Debug|Any CPU
		Debug|iPhone = Debug|iPhone
		Debug|iPhoneSimulator = Debug|iPhoneSimulator
		Release|Any CPU = Release|Any CPU
		Release|iPhone = Release|iPhone
		Release|iPhoneSimulator = Release|iPhoneSimulator
	EndGlobalSection
	GlobalSection(ProjectConfigurationPlatforms) = postSolution
		{CA0FB6C0-C210-4348-9D43-89FDE4DAEB80}.Debug|Any CPU.ActiveCfg = Debug|Any CPU
		{CA0FB6C0-C210-4348-9D43-89FDE4DAEB80}.Debug|Any CPU.Build.0 = Debug|Any CPU
		{CA0FB6C0-C210-4348-9D43-89FDE4DAEB80}.Debug|iPhone.ActiveCfg = Debug|Any CPU
		{CA0FB6C0-C210-4348-9D43-89FDE4DAEB80}.Debug|iPhone.Build.0 = Debug|Any CPU
		{CA0FB6C0-C210-4348-9D43-89FDE4DAEB80}.Debug|iPhoneSimulator.ActiveCfg = Debug|Any CPU
		{CA0FB6C0-C210-4348-9D43-89FDE4DAEB80}.Debug|iPhoneSimulator.Build.0 = Debug|Any CPU
		{CA0FB6C0-C210-4348-9D43-89FDE4DAEB80}.Release|Any CPU.ActiveCfg = Release|Any CPU
		{CA0FB6C0-C210-4348-9D43-89FDE4DAEB80}.Release|Any CPU.Build.0 = Release|Any CPU
		{CA0FB6C0-C210-4348-9D43-89FDE4DAEB80}.Release|iPhone.ActiveCfg = Release|Any CPU
		{CA0FB6C0-C210-4348-9D43-89FDE4DAEB80}.Release|iPhone.Build.0 = Release|Any CPU
		{CA0FB6C0-C210-4348-9D43-89FDE4DAEB80}.Release|iPhoneSimulator.ActiveCfg = Release|Any CPU
		{CA0FB6C0-C210-4348-9D43-89FDE4DAEB80}.Release|iPhoneSimulator.Build.0 = Release|Any CPU
		{C5AA00FF-D608-4093-8329-B8F392CA2CBC}.Debug|Any CPU.ActiveCfg = Debug|Any CPU
		{C5AA00FF-D608-4093-8329-B8F392CA2CBC}.Debug|Any CPU.Build.0 = Debug|Any CPU
		{C5AA00FF-D608-4093-8329-B8F392CA2CBC}.Debug|iPhone.ActiveCfg = Debug|Any CPU
		{C5AA00FF-D608-4093-8329-B8F392CA2CBC}.Debug|iPhone.Build.0 = Debug|Any CPU
		{C5AA00FF-D608-4093-8329-B8F392CA2CBC}.Debug|iPhoneSimulator.ActiveCfg = Debug|Any CPU
		{C5AA00FF-D608-4093-8329-B8F392CA2CBC}.Debug|iPhoneSimulator.Build.0 = Debug|Any CPU
		{C5AA00FF-D608-4093-8329-B8F392CA2CBC}.Release|Any CPU.ActiveCfg = Release|Any CPU
		{C5AA00FF-D608-4093-8329-B8F392CA2CBC}.Release|Any CPU.Build.0 = Release|Any CPU
		{C5AA00FF-D608-4093-8329-B8F392CA2CBC}.Release|iPhone.ActiveCfg = Release|Any CPU
		{C5AA00FF-D608-4093-8329-B8F392CA2CBC}.Release|iPhone.Build.0 = Release|Any CPU
		{C5AA00FF-D608-4093-8329-B8F392CA2CBC}.Release|iPhoneSimulator.ActiveCfg = Release|Any CPU
		{C5AA00FF-D608-4093-8329-B8F392CA2CBC}.Release|iPhoneSimulator.Build.0 = Release|Any CPU
		{74B42C7C-08DD-4421-A342-D865C890A186}.Debug|Any CPU.ActiveCfg = Debug|Any CPU
		{74B42C7C-08DD-4421-A342-D865C890A186}.Debug|Any CPU.Build.0 = Debug|Any CPU
		{74B42C7C-08DD-4421-A342-D865C890A186}.Debug|iPhone.ActiveCfg = Debug|Any CPU
		{74B42C7C-08DD-4421-A342-D865C890A186}.Debug|iPhone.Build.0 = Debug|Any CPU
		{74B42C7C-08DD-4421-A342-D865C890A186}.Debug|iPhoneSimulator.ActiveCfg = Debug|Any CPU
		{74B42C7C-08DD-4421-A342-D865C890A186}.Debug|iPhoneSimulator.Build.0 = Debug|Any CPU
		{74B42C7C-08DD-4421-A342-D865C890A186}.Release|Any CPU.ActiveCfg = Release|Any CPU
		{74B42C7C-08DD-4421-A342-D865C890A186}.Release|Any CPU.Build.0 = Release|Any CPU
		{74B42C7C-08DD-4421-A342-D865C890A186}.Release|iPhone.ActiveCfg = Release|Any CPU
		{74B42C7C-08DD-4421-A342-D865C890A186}.Release|iPhone.Build.0 = Release|Any CPU
		{74B42C7C-08DD-4421-A342-D865C890A186}.Release|iPhoneSimulator.ActiveCfg = Release|Any CPU
		{74B42C7C-08DD-4421-A342-D865C890A186}.Release|iPhoneSimulator.Build.0 = Release|Any CPU
		{9992C195-85CF-432A-9D61-096ECB8A68C4}.Debug|Any CPU.ActiveCfg = Debug|Any CPU
		{9992C195-85CF-432A-9D61-096ECB8A68C4}.Debug|iPhone.ActiveCfg = Debug|Any CPU
		{9992C195-85CF-432A-9D61-096ECB8A68C4}.Debug|iPhone.Build.0 = Debug|Any CPU
		{9992C195-85CF-432A-9D61-096ECB8A68C4}.Debug|iPhoneSimulator.ActiveCfg = Debug|Any CPU
		{9992C195-85CF-432A-9D61-096ECB8A68C4}.Debug|iPhoneSimulator.Build.0 = Debug|Any CPU
		{9992C195-85CF-432A-9D61-096ECB8A68C4}.Release|Any CPU.ActiveCfg = Release|Any CPU
		{9992C195-85CF-432A-9D61-096ECB8A68C4}.Release|Any CPU.Build.0 = Release|Any CPU
		{9992C195-85CF-432A-9D61-096ECB8A68C4}.Release|iPhone.ActiveCfg = Release|Any CPU
		{9992C195-85CF-432A-9D61-096ECB8A68C4}.Release|iPhone.Build.0 = Release|Any CPU
		{9992C195-85CF-432A-9D61-096ECB8A68C4}.Release|iPhoneSimulator.ActiveCfg = Release|Any CPU
		{9992C195-85CF-432A-9D61-096ECB8A68C4}.Release|iPhoneSimulator.Build.0 = Release|Any CPU
		{3F7974C0-9FC7-4001-A997-FDCDEDBD261E}.Debug|Any CPU.ActiveCfg = Debug|Any CPU
		{3F7974C0-9FC7-4001-A997-FDCDEDBD261E}.Debug|iPhone.ActiveCfg = Debug|Any CPU
		{3F7974C0-9FC7-4001-A997-FDCDEDBD261E}.Debug|iPhone.Build.0 = Debug|Any CPU
		{3F7974C0-9FC7-4001-A997-FDCDEDBD261E}.Debug|iPhoneSimulator.ActiveCfg = Debug|Any CPU
		{3F7974C0-9FC7-4001-A997-FDCDEDBD261E}.Debug|iPhoneSimulator.Build.0 = Debug|Any CPU
		{3F7974C0-9FC7-4001-A997-FDCDEDBD261E}.Release|Any CPU.ActiveCfg = Release|Any CPU
		{3F7974C0-9FC7-4001-A997-FDCDEDBD261E}.Release|Any CPU.Build.0 = Release|Any CPU
		{3F7974C0-9FC7-4001-A997-FDCDEDBD261E}.Release|iPhone.ActiveCfg = Release|Any CPU
		{3F7974C0-9FC7-4001-A997-FDCDEDBD261E}.Release|iPhone.Build.0 = Release|Any CPU
		{3F7974C0-9FC7-4001-A997-FDCDEDBD261E}.Release|iPhoneSimulator.ActiveCfg = Release|Any CPU
		{3F7974C0-9FC7-4001-A997-FDCDEDBD261E}.Release|iPhoneSimulator.Build.0 = Release|Any CPU
		{C81DA2E2-3647-453F-A667-5CF3615D10E7}.Debug|Any CPU.ActiveCfg = Debug|Any CPU
		{C81DA2E2-3647-453F-A667-5CF3615D10E7}.Debug|Any CPU.Build.0 = Debug|Any CPU
		{C81DA2E2-3647-453F-A667-5CF3615D10E7}.Debug|iPhone.ActiveCfg = Debug|Any CPU
		{C81DA2E2-3647-453F-A667-5CF3615D10E7}.Debug|iPhone.Build.0 = Debug|Any CPU
		{C81DA2E2-3647-453F-A667-5CF3615D10E7}.Debug|iPhoneSimulator.ActiveCfg = Debug|Any CPU
		{C81DA2E2-3647-453F-A667-5CF3615D10E7}.Debug|iPhoneSimulator.Build.0 = Debug|Any CPU
		{C81DA2E2-3647-453F-A667-5CF3615D10E7}.Release|Any CPU.ActiveCfg = Release|Any CPU
		{C81DA2E2-3647-453F-A667-5CF3615D10E7}.Release|Any CPU.Build.0 = Release|Any CPU
		{C81DA2E2-3647-453F-A667-5CF3615D10E7}.Release|iPhone.ActiveCfg = Release|Any CPU
		{C81DA2E2-3647-453F-A667-5CF3615D10E7}.Release|iPhone.Build.0 = Release|Any CPU
		{C81DA2E2-3647-453F-A667-5CF3615D10E7}.Release|iPhoneSimulator.ActiveCfg = Release|Any CPU
		{C81DA2E2-3647-453F-A667-5CF3615D10E7}.Release|iPhoneSimulator.Build.0 = Release|Any CPU
		{D3D28BD9-9F98-494E-A5D4-53801D413055}.Debug|Any CPU.ActiveCfg = Debug|Any CPU
		{D3D28BD9-9F98-494E-A5D4-53801D413055}.Debug|Any CPU.Build.0 = Debug|Any CPU
		{D3D28BD9-9F98-494E-A5D4-53801D413055}.Debug|Any CPU.Deploy.0 = Debug|Any CPU
		{D3D28BD9-9F98-494E-A5D4-53801D413055}.Debug|iPhone.ActiveCfg = Debug|Any CPU
		{D3D28BD9-9F98-494E-A5D4-53801D413055}.Debug|iPhone.Build.0 = Debug|Any CPU
		{D3D28BD9-9F98-494E-A5D4-53801D413055}.Debug|iPhone.Deploy.0 = Debug|Any CPU
		{D3D28BD9-9F98-494E-A5D4-53801D413055}.Debug|iPhoneSimulator.ActiveCfg = Debug|Any CPU
		{D3D28BD9-9F98-494E-A5D4-53801D413055}.Debug|iPhoneSimulator.Build.0 = Debug|Any CPU
		{D3D28BD9-9F98-494E-A5D4-53801D413055}.Debug|iPhoneSimulator.Deploy.0 = Debug|Any CPU
		{D3D28BD9-9F98-494E-A5D4-53801D413055}.Release|Any CPU.ActiveCfg = Release|Any CPU
		{D3D28BD9-9F98-494E-A5D4-53801D413055}.Release|Any CPU.Build.0 = Release|Any CPU
		{D3D28BD9-9F98-494E-A5D4-53801D413055}.Release|Any CPU.Deploy.0 = Release|Any CPU
		{D3D28BD9-9F98-494E-A5D4-53801D413055}.Release|iPhone.ActiveCfg = Release|Any CPU
		{D3D28BD9-9F98-494E-A5D4-53801D413055}.Release|iPhone.Build.0 = Release|Any CPU
		{D3D28BD9-9F98-494E-A5D4-53801D413055}.Release|iPhone.Deploy.0 = Release|Any CPU
		{D3D28BD9-9F98-494E-A5D4-53801D413055}.Release|iPhoneSimulator.ActiveCfg = Release|Any CPU
		{D3D28BD9-9F98-494E-A5D4-53801D413055}.Release|iPhoneSimulator.Build.0 = Release|Any CPU
		{D3D28BD9-9F98-494E-A5D4-53801D413055}.Release|iPhoneSimulator.Deploy.0 = Release|Any CPU
		{8763AC3D-0372-446D-A9EB-10336534A067}.Debug|Any CPU.ActiveCfg = Debug|iPhone
		{8763AC3D-0372-446D-A9EB-10336534A067}.Debug|iPhone.ActiveCfg = Debug|iPhone
		{8763AC3D-0372-446D-A9EB-10336534A067}.Debug|iPhone.Build.0 = Debug|iPhone
		{8763AC3D-0372-446D-A9EB-10336534A067}.Debug|iPhoneSimulator.ActiveCfg = Debug|iPhoneSimulator
		{8763AC3D-0372-446D-A9EB-10336534A067}.Debug|iPhoneSimulator.Build.0 = Debug|iPhoneSimulator
		{8763AC3D-0372-446D-A9EB-10336534A067}.Release|Any CPU.ActiveCfg = Release|iPhone
		{8763AC3D-0372-446D-A9EB-10336534A067}.Release|iPhone.ActiveCfg = Release|iPhone
		{8763AC3D-0372-446D-A9EB-10336534A067}.Release|iPhone.Build.0 = Release|iPhone
		{8763AC3D-0372-446D-A9EB-10336534A067}.Release|iPhoneSimulator.ActiveCfg = Release|iPhoneSimulator
		{8763AC3D-0372-446D-A9EB-10336534A067}.Release|iPhoneSimulator.Build.0 = Release|iPhoneSimulator
		{F5398C35-3BD8-4CE6-AA5C-93F084F0EAE3}.Debug|Any CPU.ActiveCfg = Debug|Any CPU
		{F5398C35-3BD8-4CE6-AA5C-93F084F0EAE3}.Debug|Any CPU.Build.0 = Debug|Any CPU
		{F5398C35-3BD8-4CE6-AA5C-93F084F0EAE3}.Debug|iPhone.ActiveCfg = Debug|Any CPU
		{F5398C35-3BD8-4CE6-AA5C-93F084F0EAE3}.Debug|iPhone.Build.0 = Debug|Any CPU
		{F5398C35-3BD8-4CE6-AA5C-93F084F0EAE3}.Debug|iPhoneSimulator.ActiveCfg = Debug|Any CPU
		{F5398C35-3BD8-4CE6-AA5C-93F084F0EAE3}.Debug|iPhoneSimulator.Build.0 = Debug|Any CPU
		{F5398C35-3BD8-4CE6-AA5C-93F084F0EAE3}.Release|Any CPU.ActiveCfg = Release|Any CPU
		{F5398C35-3BD8-4CE6-AA5C-93F084F0EAE3}.Release|Any CPU.Build.0 = Release|Any CPU
		{F5398C35-3BD8-4CE6-AA5C-93F084F0EAE3}.Release|iPhone.ActiveCfg = Release|Any CPU
		{F5398C35-3BD8-4CE6-AA5C-93F084F0EAE3}.Release|iPhone.Build.0 = Release|Any CPU
		{F5398C35-3BD8-4CE6-AA5C-93F084F0EAE3}.Release|iPhoneSimulator.ActiveCfg = Release|Any CPU
		{F5398C35-3BD8-4CE6-AA5C-93F084F0EAE3}.Release|iPhoneSimulator.Build.0 = Release|Any CPU
		{C7248520-13E7-4E48-9F30-D0221A0BA321}.Debug|Any CPU.ActiveCfg = Debug|Any CPU
		{C7248520-13E7-4E48-9F30-D0221A0BA321}.Debug|Any CPU.Build.0 = Debug|Any CPU
		{C7248520-13E7-4E48-9F30-D0221A0BA321}.Debug|Any CPU.Deploy.0 = Debug|Any CPU
		{C7248520-13E7-4E48-9F30-D0221A0BA321}.Debug|iPhone.ActiveCfg = Debug|Any CPU
		{C7248520-13E7-4E48-9F30-D0221A0BA321}.Debug|iPhone.Build.0 = Debug|Any CPU
		{C7248520-13E7-4E48-9F30-D0221A0BA321}.Debug|iPhone.Deploy.0 = Debug|Any CPU
		{C7248520-13E7-4E48-9F30-D0221A0BA321}.Debug|iPhoneSimulator.ActiveCfg = Debug|Any CPU
		{C7248520-13E7-4E48-9F30-D0221A0BA321}.Debug|iPhoneSimulator.Build.0 = Debug|Any CPU
		{C7248520-13E7-4E48-9F30-D0221A0BA321}.Debug|iPhoneSimulator.Deploy.0 = Debug|Any CPU
		{C7248520-13E7-4E48-9F30-D0221A0BA321}.Release|Any CPU.ActiveCfg = Release|Any CPU
		{C7248520-13E7-4E48-9F30-D0221A0BA321}.Release|Any CPU.Build.0 = Release|Any CPU
		{C7248520-13E7-4E48-9F30-D0221A0BA321}.Release|Any CPU.Deploy.0 = Release|Any CPU
		{C7248520-13E7-4E48-9F30-D0221A0BA321}.Release|iPhone.ActiveCfg = Release|Any CPU
		{C7248520-13E7-4E48-9F30-D0221A0BA321}.Release|iPhone.Build.0 = Release|Any CPU
		{C7248520-13E7-4E48-9F30-D0221A0BA321}.Release|iPhone.Deploy.0 = Release|Any CPU
		{C7248520-13E7-4E48-9F30-D0221A0BA321}.Release|iPhoneSimulator.ActiveCfg = Release|Any CPU
		{C7248520-13E7-4E48-9F30-D0221A0BA321}.Release|iPhoneSimulator.Build.0 = Release|Any CPU
		{C7248520-13E7-4E48-9F30-D0221A0BA321}.Release|iPhoneSimulator.Deploy.0 = Release|Any CPU
		{6D75DC0F-9226-4635-A1C8-192570D9421D}.Debug|Any CPU.ActiveCfg = Debug|Any CPU
		{6D75DC0F-9226-4635-A1C8-192570D9421D}.Debug|Any CPU.Build.0 = Debug|Any CPU
		{6D75DC0F-9226-4635-A1C8-192570D9421D}.Debug|iPhone.ActiveCfg = Debug|Any CPU
		{6D75DC0F-9226-4635-A1C8-192570D9421D}.Debug|iPhone.Build.0 = Debug|Any CPU
		{6D75DC0F-9226-4635-A1C8-192570D9421D}.Debug|iPhoneSimulator.ActiveCfg = Debug|Any CPU
		{6D75DC0F-9226-4635-A1C8-192570D9421D}.Debug|iPhoneSimulator.Build.0 = Debug|Any CPU
		{6D75DC0F-9226-4635-A1C8-192570D9421D}.Release|Any CPU.ActiveCfg = Release|Any CPU
		{6D75DC0F-9226-4635-A1C8-192570D9421D}.Release|Any CPU.Build.0 = Release|Any CPU
		{6D75DC0F-9226-4635-A1C8-192570D9421D}.Release|iPhone.ActiveCfg = Release|Any CPU
		{6D75DC0F-9226-4635-A1C8-192570D9421D}.Release|iPhone.Build.0 = Release|Any CPU
		{6D75DC0F-9226-4635-A1C8-192570D9421D}.Release|iPhoneSimulator.ActiveCfg = Release|Any CPU
		{6D75DC0F-9226-4635-A1C8-192570D9421D}.Release|iPhoneSimulator.Build.0 = Release|Any CPU
	EndGlobalSection
	GlobalSection(SolutionProperties) = preSolution
		HideSolutionNode = FALSE
	EndGlobalSection
	GlobalSection(NestedProjects) = preSolution
		{C5AA00FF-D608-4093-8329-B8F392CA2CBC} = {9DF80610-4A02-4E3D-B79D-CF6489410CEF}
		{74B42C7C-08DD-4421-A342-D865C890A186} = {5A7C84AC-44C4-4DC0-B9CA-5B6C239918FA}
		{9992C195-85CF-432A-9D61-096ECB8A68C4} = {9DF80610-4A02-4E3D-B79D-CF6489410CEF}
		{D3D28BD9-9F98-494E-A5D4-53801D413055} = {6638430F-5F0D-43A1-9238-2A3E11CECC8A}
		{8763AC3D-0372-446D-A9EB-10336534A067} = {6638430F-5F0D-43A1-9238-2A3E11CECC8A}
		{F5398C35-3BD8-4CE6-AA5C-93F084F0EAE3} = {6638430F-5F0D-43A1-9238-2A3E11CECC8A}
	EndGlobalSection
	GlobalSection(ExtensibilityGlobals) = postSolution
		SolutionGuid = {C5E935CA-0179-484C-B4B4-2ECF7CC48204}
	EndGlobalSection
EndGlobal
